
Microsoft Visual Studio Solution File, Format Version 12.00
# Visual Studio 15
VisualStudioVersion = 15.0.26730.15
MinimumVisualStudioVersion = 10.0.40219.1
Project("{FAE04EC0-301F-11D3-BF4B-00C04F79EFBC}") = "AStarAlgorithmsProject", "AStarAlgorithmsProject\AStarAlgorithmsProject.csproj", "{5E705AA7-4598-4B5C-970C-5027CC4E77F7}"
EndProject
Global
	GlobalSection(SolutionConfigurationPlatforms) = preSolution
		Debug|Any CPU = Debug|Any CPU
		Release|Any CPU = Release|Any CPU
	EndGlobalSection
	GlobalSection(ProjectConfigurationPlatforms) = postSolution
		{5E705AA7-4598-4B5C-970C-5027CC4E77F7}.Debug|Any CPU.ActiveCfg = Debug|Any CPU
		{5E705AA7-4598-4B5C-970C-5027CC4E77F7}.Debug|Any CPU.Build.0 = Debug|Any CPU
		{5E705AA7-4598-4B5C-970C-5027CC4E77F7}.Release|Any CPU.ActiveCfg = Release|Any CPU
		{5E705AA7-4598-4B5C-970C-5027CC4E77F7}.Release|Any CPU.Build.0 = Release|Any CPU
	EndGlobalSection
	GlobalSection(SolutionProperties) = preSolution
		HideSolutionNode = FALSE
	EndGlobalSection
	GlobalSection(ExtensibilityGlobals) = postSolution
		SolutionGuid = {E3959421-67A3-47E3-98E9-8B4FA1A05A9F}
	EndGlobalSection
EndGlobal
